
Microsoft Visual Studio Solution File, Format Version 12.00
# Visual Studio Version 17
VisualStudioVersion = 17.8.34316.72
MinimumVisualStudioVersion = 10.0.40219.1
Project("{FAE04EC0-301F-11D3-BF4B-00C04F79EFBC}") = "EventHalls", "EventHalls\EventHalls.csproj", "{222D4D84-1CF7-4E9A-8CD0-0E3B3F68B25A}"
EndProject
Project("{FAE04EC0-301F-11D3-BF4B-00C04F79EFBC}") = "Solid.Core", "Solid.Core\Solid.Core.csproj", "{00D01A38-12EB-44F9-B3B5-5A9041D8E94B}"
EndProject
Project("{FAE04EC0-301F-11D3-BF4B-00C04F79EFBC}") = "Solid.Data", "Solid.Data\Solid.Data.csproj", "{5068ECBC-C92B-48C3-8280-A99CD207EFA9}"
EndProject
Project("{FAE04EC0-301F-11D3-BF4B-00C04F79EFBC}") = "Solid.Service", "Solid.Service\Solid.Service.csproj", "{A71539A0-B307-498E-B3F7-78624FCDEF23}"
EndProject
Global
	GlobalSection(SolutionConfigurationPlatforms) = preSolution
		Debug|Any CPU = Debug|Any CPU
		Release|Any CPU = Release|Any CPU
	EndGlobalSection
	GlobalSection(ProjectConfigurationPlatforms) = postSolution
		{222D4D84-1CF7-4E9A-8CD0-0E3B3F68B25A}.Debug|Any CPU.ActiveCfg = Debug|Any CPU
		{222D4D84-1CF7-4E9A-8CD0-0E3B3F68B25A}.Debug|Any CPU.Build.0 = Debug|Any CPU
		{222D4D84-1CF7-4E9A-8CD0-0E3B3F68B25A}.Release|Any CPU.ActiveCfg = Release|Any CPU
		{222D4D84-1CF7-4E9A-8CD0-0E3B3F68B25A}.Release|Any CPU.Build.0 = Release|Any CPU
		{00D01A38-12EB-44F9-B3B5-5A9041D8E94B}.Debug|Any CPU.ActiveCfg = Debug|Any CPU
		{00D01A38-12EB-44F9-B3B5-5A9041D8E94B}.Debug|Any CPU.Build.0 = Debug|Any CPU
		{00D01A38-12EB-44F9-B3B5-5A9041D8E94B}.Release|Any CPU.ActiveCfg = Release|Any CPU
		{00D01A38-12EB-44F9-B3B5-5A9041D8E94B}.Release|Any CPU.Build.0 = Release|Any CPU
		{5068ECBC-C92B-48C3-8280-A99CD207EFA9}.Debug|Any CPU.ActiveCfg = Debug|Any CPU
		{5068ECBC-C92B-48C3-8280-A99CD207EFA9}.Debug|Any CPU.Build.0 = Debug|Any CPU
		{5068ECBC-C92B-48C3-8280-A99CD207EFA9}.Release|Any CPU.ActiveCfg = Release|Any CPU
		{5068ECBC-C92B-48C3-8280-A99CD207EFA9}.Release|Any CPU.Build.0 = Release|Any CPU
		{A71539A0-B307-498E-B3F7-78624FCDEF23}.Debug|Any CPU.ActiveCfg = Debug|Any CPU
		{A71539A0-B307-498E-B3F7-78624FCDEF23}.Debug|Any CPU.Build.0 = Debug|Any CPU
		{A71539A0-B307-498E-B3F7-78624FCDEF23}.Release|Any CPU.ActiveCfg = Release|Any CPU
		{A71539A0-B307-498E-B3F7-78624FCDEF23}.Release|Any CPU.Build.0 = Release|Any CPU
	EndGlobalSection
	GlobalSection(SolutionProperties) = preSolution
		HideSolutionNode = FALSE
	EndGlobalSection
	GlobalSection(ExtensibilityGlobals) = postSolution
		SolutionGuid = {54715358-F6B9-4A39-B270-385EB9E263B0}
	EndGlobalSection
EndGlobal
